
Microsoft Visual Studio Solution File, Format Version 12.00
Project("{FAE04EC0-301F-11D3-BF4B-00C04F79EFBC}") = "ExamPrepFoody", "ExamPrepFoody\ExamPrepFoody.csproj", "{66D2D4F8-F143-4081-88A8-20819839F40B}"
EndProject
Global
	GlobalSection(SolutionConfigurationPlatforms) = preSolution
		Debug|Any CPU = Debug|Any CPU
		Release|Any CPU = Release|Any CPU
	EndGlobalSection
	GlobalSection(ProjectConfigurationPlatforms) = postSolution
		{66D2D4F8-F143-4081-88A8-20819839F40B}.Debug|Any CPU.ActiveCfg = Debug|Any CPU
		{66D2D4F8-F143-4081-88A8-20819839F40B}.Debug|Any CPU.Build.0 = Debug|Any CPU
		{66D2D4F8-F143-4081-88A8-20819839F40B}.Release|Any CPU.ActiveCfg = Release|Any CPU
		{66D2D4F8-F143-4081-88A8-20819839F40B}.Release|Any CPU.Build.0 = Release|Any CPU
	EndGlobalSection
EndGlobal
